// !$*UTF8*$!
{
	archiveVersion = 1;
	classes = {
	};
	objectVersion = 48;
	objects = {

/* Begin PBXBuildFile section */
		0F8458920E64EC8B2221B85A /* Pods_swift_kataTests.framework in Frameworks */ = {isa = PBXBuildFile; fileRef = 9FBCFAC1DE85423A42EC9F02 /* Pods_swift_kataTests.framework */; };
		10773BC9203E511400403304 /* AppDelegate.swift in Sources */ = {isa = PBXBuildFile; fileRef = 10773BC8203E511400403304 /* AppDelegate.swift */; };
		10773BCB203E511400403304 /* ViewController.swift in Sources */ = {isa = PBXBuildFile; fileRef = 10773BCA203E511400403304 /* ViewController.swift */; };
		10773BCE203E511400403304 /* Main.storyboard in Resources */ = {isa = PBXBuildFile; fileRef = 10773BCC203E511400403304 /* Main.storyboard */; };
		10773BD0203E511400403304 /* Assets.xcassets in Resources */ = {isa = PBXBuildFile; fileRef = 10773BCF203E511400403304 /* Assets.xcassets */; };
		10773BD3203E511400403304 /* LaunchScreen.storyboard in Resources */ = {isa = PBXBuildFile; fileRef = 10773BD1203E511400403304 /* LaunchScreen.storyboard */; };
		10773BDE203E511500403304 /* swift_kataTests.swift in Sources */ = {isa = PBXBuildFile; fileRef = 10773BDD203E511500403304 /* swift_kataTests.swift */; };
		10773BE9203E511500403304 /* swift_kataUITests.swift in Sources */ = {isa = PBXBuildFile; fileRef = 10773BE8203E511500403304 /* swift_kataUITests.swift */; };
		10773BF8203E52F400403304 /* FizzBuzzFeatures.swift in Sources */ = {isa = PBXBuildFile; fileRef = 10773BF7203E52F400403304 /* FizzBuzzFeatures.swift */; };
		10773BFB203E54DA00403304 /* FizzBuzzSteps.swift in Sources */ = {isa = PBXBuildFile; fileRef = 10773BFA203E54DA00403304 /* FizzBuzzSteps.swift */; };
		10773BFE203E584E00403304 /* server.swift in Sources */ = {isa = PBXBuildFile; fileRef = 10773BFC203E582900403304 /* server.swift */; };
		163EE172469EF6A56FBEFD81 /* Pods_swift_kata.framework in Frameworks */ = {isa = PBXBuildFile; fileRef = 64F8BFC28A4E60461CFE8A34 /* Pods_swift_kata.framework */; };
		551DCB722955DA3BF295D744 /* Pods_swift_kataUITests.framework in Frameworks */ = {isa = PBXBuildFile; fileRef = AC6C8EE82A11B44C0DD0860B /* Pods_swift_kataUITests.framework */; };
/* End PBXBuildFile section */

/* Begin PBXContainerItemProxy section */
		10773BDA203E511500403304 /* PBXContainerItemProxy */ = {
			isa = PBXContainerItemProxy;
			containerPortal = 10773BBD203E511400403304 /* Project object */;
			proxyType = 1;
			remoteGlobalIDString = 10773BC4203E511400403304;
			remoteInfo = "swift-kata";
		};
		10773BE5203E511500403304 /* PBXContainerItemProxy */ = {
			isa = PBXContainerItemProxy;
			containerPortal = 10773BBD203E511400403304 /* Project object */;
			proxyType = 1;
			remoteGlobalIDString = 10773BC4203E511400403304;
			remoteInfo = "swift-kata";
		};
/* End PBXContainerItemProxy section */

/* Begin PBXFileReference section */
		0A0F80E16B25030C47C8FA09 /* Pods-swift-kataTests.debug.xcconfig */ = {isa = PBXFileReference; includeInIndex = 1; lastKnownFileType = text.xcconfig; name = "Pods-swift-kataTests.debug.xcconfig"; path = "Pods/Target Support Files/Pods-swift-kataTests/Pods-swift-kataTests.debug.xcconfig"; sourceTree = "<group>"; };
		10773BC5203E511400403304 /* swift-kata.app */ = {isa = PBXFileReference; explicitFileType = wrapper.application; includeInIndex = 0; path = "swift-kata.app"; sourceTree = BUILT_PRODUCTS_DIR; };
		10773BC8203E511400403304 /* AppDelegate.swift */ = {isa = PBXFileReference; lastKnownFileType = sourcecode.swift; path = AppDelegate.swift; sourceTree = "<group>"; };
		10773BCA203E511400403304 /* ViewController.swift */ = {isa = PBXFileReference; lastKnownFileType = sourcecode.swift; path = ViewController.swift; sourceTree = "<group>"; };
		10773BCD203E511400403304 /* Base */ = {isa = PBXFileReference; lastKnownFileType = file.storyboard; name = Base; path = Base.lproj/Main.storyboard; sourceTree = "<group>"; };
		10773BCF203E511400403304 /* Assets.xcassets */ = {isa = PBXFileReference; lastKnownFileType = folder.assetcatalog; path = Assets.xcassets; sourceTree = "<group>"; };
		10773BD2203E511400403304 /* Base */ = {isa = PBXFileReference; lastKnownFileType = file.storyboard; name = Base; path = Base.lproj/LaunchScreen.storyboard; sourceTree = "<group>"; };
		10773BD4203E511400403304 /* Info.plist */ = {isa = PBXFileReference; lastKnownFileType = text.plist.xml; path = Info.plist; sourceTree = "<group>"; };
		10773BD9203E511500403304 /* swift-kataTests.xctest */ = {isa = PBXFileReference; explicitFileType = wrapper.cfbundle; includeInIndex = 0; path = "swift-kataTests.xctest"; sourceTree = BUILT_PRODUCTS_DIR; };
		10773BDD203E511500403304 /* swift_kataTests.swift */ = {isa = PBXFileReference; lastKnownFileType = sourcecode.swift; path = swift_kataTests.swift; sourceTree = "<group>"; };
		10773BDF203E511500403304 /* Info.plist */ = {isa = PBXFileReference; lastKnownFileType = text.plist.xml; path = Info.plist; sourceTree = "<group>"; };
		10773BE4203E511500403304 /* swift-kataUITests.xctest */ = {isa = PBXFileReference; explicitFileType = wrapper.cfbundle; includeInIndex = 0; path = "swift-kataUITests.xctest"; sourceTree = BUILT_PRODUCTS_DIR; };
		10773BE8203E511500403304 /* swift_kataUITests.swift */ = {isa = PBXFileReference; lastKnownFileType = sourcecode.swift; path = swift_kataUITests.swift; sourceTree = "<group>"; };
		10773BEA203E511500403304 /* Info.plist */ = {isa = PBXFileReference; lastKnownFileType = text.plist.xml; path = Info.plist; sourceTree = "<group>"; };
		10773BF7203E52F400403304 /* FizzBuzzFeatures.swift */ = {isa = PBXFileReference; lastKnownFileType = sourcecode.swift; path = FizzBuzzFeatures.swift; sourceTree = "<group>"; };
		10773BFA203E54DA00403304 /* FizzBuzzSteps.swift */ = {isa = PBXFileReference; lastKnownFileType = sourcecode.swift; path = FizzBuzzSteps.swift; sourceTree = "<group>"; };
		10773BFC203E582900403304 /* server.swift */ = {isa = PBXFileReference; lastKnownFileType = sourcecode.swift; path = server.swift; sourceTree = "<group>"; };
		3ACEAF82EEBF3F26D99E1EF5 /* Pods-swift-kataUITests.release.xcconfig */ = {isa = PBXFileReference; includeInIndex = 1; lastKnownFileType = text.xcconfig; name = "Pods-swift-kataUITests.release.xcconfig"; path = "Pods/Target Support Files/Pods-swift-kataUITests/Pods-swift-kataUITests.release.xcconfig"; sourceTree = "<group>"; };
		64F8BFC28A4E60461CFE8A34 /* Pods_swift_kata.framework */ = {isa = PBXFileReference; explicitFileType = wrapper.framework; includeInIndex = 0; path = Pods_swift_kata.framework; sourceTree = BUILT_PRODUCTS_DIR; };
		7560346CC20D44DB70C7299A /* Pods-swift-kataTests.release.xcconfig */ = {isa = PBXFileReference; includeInIndex = 1; lastKnownFileType = text.xcconfig; name = "Pods-swift-kataTests.release.xcconfig"; path = "Pods/Target Support Files/Pods-swift-kataTests/Pods-swift-kataTests.release.xcconfig"; sourceTree = "<group>"; };
		85C72B3A23D2AC7B3C5F2B00 /* Pods-swift-kata.debug.xcconfig */ = {isa = PBXFileReference; includeInIndex = 1; lastKnownFileType = text.xcconfig; name = "Pods-swift-kata.debug.xcconfig"; path = "Pods/Target Support Files/Pods-swift-kata/Pods-swift-kata.debug.xcconfig"; sourceTree = "<group>"; };
		9FBCFAC1DE85423A42EC9F02 /* Pods_swift_kataTests.framework */ = {isa = PBXFileReference; explicitFileType = wrapper.framework; includeInIndex = 0; path = Pods_swift_kataTests.framework; sourceTree = BUILT_PRODUCTS_DIR; };
		AC6C8EE82A11B44C0DD0860B /* Pods_swift_kataUITests.framework */ = {isa = PBXFileReference; explicitFileType = wrapper.framework; includeInIndex = 0; path = Pods_swift_kataUITests.framework; sourceTree = BUILT_PRODUCTS_DIR; };
		D74911B717EA00F877F5B276 /* Pods-swift-kataUITests.debug.xcconfig */ = {isa = PBXFileReference; includeInIndex = 1; lastKnownFileType = text.xcconfig; name = "Pods-swift-kataUITests.debug.xcconfig"; path = "Pods/Target Support Files/Pods-swift-kataUITests/Pods-swift-kataUITests.debug.xcconfig"; sourceTree = "<group>"; };
		FBE19E10DBF05856E303D62A /* Pods-swift-kata.release.xcconfig */ = {isa = PBXFileReference; includeInIndex = 1; lastKnownFileType = text.xcconfig; name = "Pods-swift-kata.release.xcconfig"; path = "Pods/Target Support Files/Pods-swift-kata/Pods-swift-kata.release.xcconfig"; sourceTree = "<group>"; };
/* End PBXFileReference section */

/* Begin PBXFrameworksBuildPhase section */
		10773BC2203E511400403304 /* Frameworks */ = {
			isa = PBXFrameworksBuildPhase;
			buildActionMask = 2147483647;
			files = (
				163EE172469EF6A56FBEFD81 /* Pods_swift_kata.framework in Frameworks */,
			);
			runOnlyForDeploymentPostprocessing = 0;
		};
		10773BD6203E511500403304 /* Frameworks */ = {
			isa = PBXFrameworksBuildPhase;
			buildActionMask = 2147483647;
			files = (
				0F8458920E64EC8B2221B85A /* Pods_swift_kataTests.framework in Frameworks */,
			);
			runOnlyForDeploymentPostprocessing = 0;
		};
		10773BE1203E511500403304 /* Frameworks */ = {
			isa = PBXFrameworksBuildPhase;
			buildActionMask = 2147483647;
			files = (
				551DCB722955DA3BF295D744 /* Pods_swift_kataUITests.framework in Frameworks */,
			);
			runOnlyForDeploymentPostprocessing = 0;
		};
/* End PBXFrameworksBuildPhase section */

/* Begin PBXGroup section */
		10773BBC203E511400403304 = {
			isa = PBXGroup;
			children = (
				10773BC7203E511400403304 /* swift-kata */,
				10773BDC203E511500403304 /* swift-kataTests */,
				10773BE7203E511500403304 /* swift-kataUITests */,
				10773BC6203E511400403304 /* Products */,
				2392A26A9B93E30E096FDB94 /* Pods */,
				617F689A406CDCA401F80B8A /* Frameworks */,
			);
			sourceTree = "<group>";
		};
		10773BC6203E511400403304 /* Products */ = {
			isa = PBXGroup;
			children = (
				10773BC5203E511400403304 /* swift-kata.app */,
				10773BD9203E511500403304 /* swift-kataTests.xctest */,
				10773BE4203E511500403304 /* swift-kataUITests.xctest */,
			);
			name = Products;
			sourceTree = "<group>";
		};
		10773BC7203E511400403304 /* swift-kata */ = {
			isa = PBXGroup;
			children = (
				10773BC8203E511400403304 /* AppDelegate.swift */,
				10773BCA203E511400403304 /* ViewController.swift */,
				10773BCC203E511400403304 /* Main.storyboard */,
				10773BCF203E511400403304 /* Assets.xcassets */,
				10773BD1203E511400403304 /* LaunchScreen.storyboard */,
				10773BD4203E511400403304 /* Info.plist */,
			);
			path = "swift-kata";
			sourceTree = "<group>";
		};
		10773BDC203E511500403304 /* swift-kataTests */ = {
			isa = PBXGroup;
			children = (
				10773BFF203E585400403304 /* TestHelpers */,
				10773BF9203E54C700403304 /* Steps */,
				10773BF6203E52D300403304 /* Features */,
				10773BDD203E511500403304 /* swift_kataTests.swift */,
				10773BDF203E511500403304 /* Info.plist */,
			);
			path = "swift-kataTests";
			sourceTree = "<group>";
		};
		10773BE7203E511500403304 /* swift-kataUITests */ = {
			isa = PBXGroup;
			children = (
				10773BE8203E511500403304 /* swift_kataUITests.swift */,
				10773BEA203E511500403304 /* Info.plist */,
			);
			path = "swift-kataUITests";
			sourceTree = "<group>";
		};
		10773BF6203E52D300403304 /* Features */ = {
			isa = PBXGroup;
			children = (
				10773BF7203E52F400403304 /* FizzBuzzFeatures.swift */,
			);
			path = Features;
			sourceTree = "<group>";
		};
		10773BF9203E54C700403304 /* Steps */ = {
			isa = PBXGroup;
			children = (
				10773BFA203E54DA00403304 /* FizzBuzzSteps.swift */,
			);
			path = Steps;
			sourceTree = "<group>";
		};
		10773BFF203E585400403304 /* TestHelpers */ = {
			isa = PBXGroup;
			children = (
				10773BFC203E582900403304 /* server.swift */,
			);
			path = TestHelpers;
			sourceTree = "<group>";
		};
		2392A26A9B93E30E096FDB94 /* Pods */ = {
			isa = PBXGroup;
			children = (
				85C72B3A23D2AC7B3C5F2B00 /* Pods-swift-kata.debug.xcconfig */,
				FBE19E10DBF05856E303D62A /* Pods-swift-kata.release.xcconfig */,
				0A0F80E16B25030C47C8FA09 /* Pods-swift-kataTests.debug.xcconfig */,
				7560346CC20D44DB70C7299A /* Pods-swift-kataTests.release.xcconfig */,
				D74911B717EA00F877F5B276 /* Pods-swift-kataUITests.debug.xcconfig */,
				3ACEAF82EEBF3F26D99E1EF5 /* Pods-swift-kataUITests.release.xcconfig */,
			);
			name = Pods;
			sourceTree = "<group>";
		};
		617F689A406CDCA401F80B8A /* Frameworks */ = {
			isa = PBXGroup;
			children = (
				64F8BFC28A4E60461CFE8A34 /* Pods_swift_kata.framework */,
				9FBCFAC1DE85423A42EC9F02 /* Pods_swift_kataTests.framework */,
				AC6C8EE82A11B44C0DD0860B /* Pods_swift_kataUITests.framework */,
			);
			name = Frameworks;
			sourceTree = "<group>";
		};
/* End PBXGroup section */

/* Begin PBXNativeTarget section */
		10773BC4203E511400403304 /* swift-kata */ = {
			isa = PBXNativeTarget;
			buildConfigurationList = 10773BED203E511500403304 /* Build configuration list for PBXNativeTarget "swift-kata" */;
			buildPhases = (
				15F0B4E327BE7CF6B1A4E9EB /* [CP] Check Pods Manifest.lock */,
				10773BC1203E511400403304 /* Sources */,
				10773BC2203E511400403304 /* Frameworks */,
				10773BC3203E511400403304 /* Resources */,
				73929711FCDD705E4CCD0892 /* [CP] Embed Pods Frameworks */,
				8978878125AF2AF35EA554A2 /* [CP] Copy Pods Resources */,
			);
			buildRules = (
			);
			dependencies = (
			);
			name = "swift-kata";
			productName = "swift-kata";
			productReference = 10773BC5203E511400403304 /* swift-kata.app */;
			productType = "com.apple.product-type.application";
		};
		10773BD8203E511500403304 /* swift-kataTests */ = {
			isa = PBXNativeTarget;
			buildConfigurationList = 10773BF0203E511500403304 /* Build configuration list for PBXNativeTarget "swift-kataTests" */;
			buildPhases = (
				FA4B54CE238325675C6B95D3 /* [CP] Check Pods Manifest.lock */,
				10773BD5203E511500403304 /* Sources */,
				10773BD6203E511500403304 /* Frameworks */,
				10773BD7203E511500403304 /* Resources */,
				ADA0F67E2043097E98D58151 /* [CP] Embed Pods Frameworks */,
				40277DE60BDAC73DFCB9CA3E /* [CP] Copy Pods Resources */,
			);
			buildRules = (
			);
			dependencies = (
				10773BDB203E511500403304 /* PBXTargetDependency */,
			);
			name = "swift-kataTests";
			productName = "swift-kataTests";
			productReference = 10773BD9203E511500403304 /* swift-kataTests.xctest */;
			productType = "com.apple.product-type.bundle.unit-test";
		};
		10773BE3203E511500403304 /* swift-kataUITests */ = {
			isa = PBXNativeTarget;
			buildConfigurationList = 10773BF3203E511500403304 /* Build configuration list for PBXNativeTarget "swift-kataUITests" */;
			buildPhases = (
				A5BC323B61440272D60C63FB /* [CP] Check Pods Manifest.lock */,
				10773BE0203E511500403304 /* Sources */,
				10773BE1203E511500403304 /* Frameworks */,
				10773BE2203E511500403304 /* Resources */,
				89B6B5A2C1CDC776E98ECE8D /* [CP] Embed Pods Frameworks */,
				AAD514F7B281CCC02BA50647 /* [CP] Copy Pods Resources */,
			);
			buildRules = (
			);
			dependencies = (
				10773BE6203E511500403304 /* PBXTargetDependency */,
			);
			name = "swift-kataUITests";
			productName = "swift-kataUITests";
			productReference = 10773BE4203E511500403304 /* swift-kataUITests.xctest */;
			productType = "com.apple.product-type.bundle.ui-testing";
		};
/* End PBXNativeTarget section */

/* Begin PBXProject section */
		10773BBD203E511400403304 /* Project object */ = {
			isa = PBXProject;
			attributes = {
				LastSwiftUpdateCheck = 0920;
				LastUpgradeCheck = 0920;
				ORGANIZATIONNAME = lovelejess;
				TargetAttributes = {
					10773BC4203E511400403304 = {
						CreatedOnToolsVersion = 9.2;
						ProvisioningStyle = Automatic;
					};
					10773BD8203E511500403304 = {
						CreatedOnToolsVersion = 9.2;
						ProvisioningStyle = Automatic;
						TestTargetID = 10773BC4203E511400403304;
					};
					10773BE3203E511500403304 = {
						CreatedOnToolsVersion = 9.2;
						ProvisioningStyle = Automatic;
						TestTargetID = 10773BC4203E511400403304;
					};
				};
			};
			buildConfigurationList = 10773BC0203E511400403304 /* Build configuration list for PBXProject "swift-kata" */;
			compatibilityVersion = "Xcode 8.0";
			developmentRegion = en;
			hasScannedForEncodings = 0;
			knownRegions = (
				en,
				Base,
			);
			mainGroup = 10773BBC203E511400403304;
			productRefGroup = 10773BC6203E511400403304 /* Products */;
			projectDirPath = "";
			projectRoot = "";
			targets = (
				10773BC4203E511400403304 /* swift-kata */,
				10773BD8203E511500403304 /* swift-kataTests */,
				10773BE3203E511500403304 /* swift-kataUITests */,
			);
		};
/* End PBXProject section */

/* Begin PBXResourcesBuildPhase section */
		10773BC3203E511400403304 /* Resources */ = {
			isa = PBXResourcesBuildPhase;
			buildActionMask = 2147483647;
			files = (
				10773BD3203E511400403304 /* LaunchScreen.storyboard in Resources */,
				10773BD0203E511400403304 /* Assets.xcassets in Resources */,
				10773BCE203E511400403304 /* Main.storyboard in Resources */,
			);
			runOnlyForDeploymentPostprocessing = 0;
		};
		10773BD7203E511500403304 /* Resources */ = {
			isa = PBXResourcesBuildPhase;
			buildActionMask = 2147483647;
			files = (
			);
			runOnlyForDeploymentPostprocessing = 0;
		};
		10773BE2203E511500403304 /* Resources */ = {
			isa = PBXResourcesBuildPhase;
			buildActionMask = 2147483647;
			files = (
			);
			runOnlyForDeploymentPostprocessing = 0;
		};
/* End PBXResourcesBuildPhase section */

/* Begin PBXShellScriptBuildPhase section */
		15F0B4E327BE7CF6B1A4E9EB /* [CP] Check Pods Manifest.lock */ = {
			isa = PBXShellScriptBuildPhase;
			buildActionMask = 2147483647;
			files = (
			);
			inputPaths = (
				"${PODS_PODFILE_DIR_PATH}/Podfile.lock",
				"${PODS_ROOT}/Manifest.lock",
			);
			name = "[CP] Check Pods Manifest.lock";
			outputPaths = (
				"$(DERIVED_FILE_DIR)/Pods-swift-kata-checkManifestLockResult.txt",
			);
			runOnlyForDeploymentPostprocessing = 0;
			shellPath = /bin/sh;
			shellScript = "diff \"${PODS_PODFILE_DIR_PATH}/Podfile.lock\" \"${PODS_ROOT}/Manifest.lock\" > /dev/null\nif [ $? != 0 ] ; then\n    # print error to STDERR\n    echo \"error: The sandbox is not in sync with the Podfile.lock. Run 'pod install' or update your CocoaPods installation.\" >&2\n    exit 1\nfi\n# This output is used by Xcode 'outputs' to avoid re-running this script phase.\necho \"SUCCESS\" > \"${SCRIPT_OUTPUT_FILE_0}\"\n";
			showEnvVarsInLog = 0;
		};
		40277DE60BDAC73DFCB9CA3E /* [CP] Copy Pods Resources */ = {
			isa = PBXShellScriptBuildPhase;
			buildActionMask = 2147483647;
			files = (
			);
			inputPaths = (
			);
			name = "[CP] Copy Pods Resources";
			outputPaths = (
			);
			runOnlyForDeploymentPostprocessing = 0;
			shellPath = /bin/sh;
			shellScript = "\"${SRCROOT}/Pods/Target Support Files/Pods-swift-kataTests/Pods-swift-kataTests-resources.sh\"\n";
			showEnvVarsInLog = 0;
		};
		73929711FCDD705E4CCD0892 /* [CP] Embed Pods Frameworks */ = {
			isa = PBXShellScriptBuildPhase;
			buildActionMask = 2147483647;
			files = (
			);
			inputPaths = (
				"${SRCROOT}/Pods/Target Support Files/Pods-swift-kata/Pods-swift-kata-frameworks.sh",
				"${BUILT_PRODUCTS_DIR}/Alamofire/Alamofire.framework",
				"${BUILT_PRODUCTS_DIR}/Swifter/Swifter.framework",
				"${BUILT_PRODUCTS_DIR}/XCTest-Gherkin/XCTest_Gherkin.framework",
			);
			name = "[CP] Embed Pods Frameworks";
			outputPaths = (
				"${TARGET_BUILD_DIR}/${FRAMEWORKS_FOLDER_PATH}/Alamofire.framework",
				"${TARGET_BUILD_DIR}/${FRAMEWORKS_FOLDER_PATH}/Swifter.framework",
				"${TARGET_BUILD_DIR}/${FRAMEWORKS_FOLDER_PATH}/XCTest_Gherkin.framework",
			);
			runOnlyForDeploymentPostprocessing = 0;
			shellPath = /bin/sh;
			shellScript = "\"${SRCROOT}/Pods/Target Support Files/Pods-swift-kata/Pods-swift-kata-frameworks.sh\"\n";
			showEnvVarsInLog = 0;
		};
		8978878125AF2AF35EA554A2 /* [CP] Copy Pods Resources */ = {
			isa = PBXShellScriptBuildPhase;
			buildActionMask = 2147483647;
			files = (
			);
			inputPaths = (
			);
			name = "[CP] Copy Pods Resources";
			outputPaths = (
			);
			runOnlyForDeploymentPostprocessing = 0;
			shellPath = /bin/sh;
			shellScript = "\"${SRCROOT}/Pods/Target Support Files/Pods-swift-kata/Pods-swift-kata-resources.sh\"\n";
			showEnvVarsInLog = 0;
		};
		89B6B5A2C1CDC776E98ECE8D /* [CP] Embed Pods Frameworks */ = {
			isa = PBXShellScriptBuildPhase;
			buildActionMask = 2147483647;
			files = (
			);
			inputPaths = (
			);
			name = "[CP] Embed Pods Frameworks";
			outputPaths = (
			);
			runOnlyForDeploymentPostprocessing = 0;
			shellPath = /bin/sh;
			shellScript = "\"${SRCROOT}/Pods/Target Support Files/Pods-swift-kataUITests/Pods-swift-kataUITests-frameworks.sh\"\n";
			showEnvVarsInLog = 0;
		};
		A5BC323B61440272D60C63FB /* [CP] Check Pods Manifest.lock */ = {
			isa = PBXShellScriptBuildPhase;
			buildActionMask = 2147483647;
			files = (
			);
			inputPaths = (
				"${PODS_PODFILE_DIR_PATH}/Podfile.lock",
				"${PODS_ROOT}/Manifest.lock",
			);
			name = "[CP] Check Pods Manifest.lock";
			outputPaths = (
				"$(DERIVED_FILE_DIR)/Pods-swift-kataUITests-checkManifestLockResult.txt",
			);
			runOnlyForDeploymentPostprocessing = 0;
			shellPath = /bin/sh;
			shellScript = "diff \"${PODS_PODFILE_DIR_PATH}/Podfile.lock\" \"${PODS_ROOT}/Manifest.lock\" > /dev/null\nif [ $? != 0 ] ; then\n    # print error to STDERR\n    echo \"error: The sandbox is not in sync with the Podfile.lock. Run 'pod install' or update your CocoaPods installation.\" >&2\n    exit 1\nfi\n# This output is used by Xcode 'outputs' to avoid re-running this script phase.\necho \"SUCCESS\" > \"${SCRIPT_OUTPUT_FILE_0}\"\n";
			showEnvVarsInLog = 0;
		};
		AAD514F7B281CCC02BA50647 /* [CP] Copy Pods Resources */ = {
			isa = PBXShellScriptBuildPhase;
			buildActionMask = 2147483647;
			files = (
			);
			inputPaths = (
			);
			name = "[CP] Copy Pods Resources";
			outputPaths = (
			);
			runOnlyForDeploymentPostprocessing = 0;
			shellPath = /bin/sh;
			shellScript = "\"${SRCROOT}/Pods/Target Support Files/Pods-swift-kataUITests/Pods-swift-kataUITests-resources.sh\"\n";
			showEnvVarsInLog = 0;
		};
		ADA0F67E2043097E98D58151 /* [CP] Embed Pods Frameworks */ = {
			isa = PBXShellScriptBuildPhase;
			buildActionMask = 2147483647;
			files = (
			);
			inputPaths = (
			);
			name = "[CP] Embed Pods Frameworks";
			outputPaths = (
			);
			runOnlyForDeploymentPostprocessing = 0;
			shellPath = /bin/sh;
			shellScript = "\"${SRCROOT}/Pods/Target Support Files/Pods-swift-kataTests/Pods-swift-kataTests-frameworks.sh\"\n";
			showEnvVarsInLog = 0;
		};
		FA4B54CE238325675C6B95D3 /* [CP] Check Pods Manifest.lock */ = {
			isa = PBXShellScriptBuildPhase;
			buildActionMask = 2147483647;
			files = (
			);
			inputPaths = (
				"${PODS_PODFILE_DIR_PATH}/Podfile.lock",
				"${PODS_ROOT}/Manifest.lock",
			);
			name = "[CP] Check Pods Manifest.lock";
			outputPaths = (
				"$(DERIVED_FILE_DIR)/Pods-swift-kataTests-checkManifestLockResult.txt",
			);
			runOnlyForDeploymentPostprocessing = 0;
			shellPath = /bin/sh;
			shellScript = "diff \"${PODS_PODFILE_DIR_PATH}/Podfile.lock\" \"${PODS_ROOT}/Manifest.lock\" > /dev/null\nif [ $? != 0 ] ; then\n    # print error to STDERR\n    echo \"error: The sandbox is not in sync with the Podfile.lock. Run 'pod install' or update your CocoaPods installation.\" >&2\n    exit 1\nfi\n# This output is used by Xcode 'outputs' to avoid re-running this script phase.\necho \"SUCCESS\" > \"${SCRIPT_OUTPUT_FILE_0}\"\n";
			showEnvVarsInLog = 0;
		};
/* End PBXShellScriptBuildPhase section */

/* Begin PBXSourcesBuildPhase section */
		10773BC1203E511400403304 /* Sources */ = {
			isa = PBXSourcesBuildPhase;
			buildActionMask = 2147483647;
			files = (
				10773BCB203E511400403304 /* ViewController.swift in Sources */,
				10773BC9203E511400403304 /* AppDelegate.swift in Sources */,
			);
			runOnlyForDeploymentPostprocessing = 0;
		};
		10773BD5203E511500403304 /* Sources */ = {
			isa = PBXSourcesBuildPhase;
			buildActionMask = 2147483647;
			files = (
				10773BDE203E511500403304 /* swift_kataTests.swift in Sources */,
				10773BF8203E52F400403304 /* FizzBuzzFeatures.swift in Sources */,
				10773BFE203E584E00403304 /* server.swift in Sources */,
				10773BFB203E54DA00403304 /* FizzBuzzSteps.swift in Sources */,
			);
			runOnlyForDeploymentPostprocessing = 0;
		};
		10773BE0203E511500403304 /* Sources */ = {
			isa = PBXSourcesBuildPhase;
			buildActionMask = 2147483647;
			files = (
				10773BE9203E511500403304 /* swift_kataUITests.swift in Sources */,
			);
			runOnlyForDeploymentPostprocessing = 0;
		};
/* End PBXSourcesBuildPhase section */

/* Begin PBXTargetDependency section */
		10773BDB203E511500403304 /* PBXTargetDependency */ = {
			isa = PBXTargetDependency;
			target = 10773BC4203E511400403304 /* swift-kata */;
			targetProxy = 10773BDA203E511500403304 /* PBXContainerItemProxy */;
		};
		10773BE6203E511500403304 /* PBXTargetDependency */ = {
			isa = PBXTargetDependency;
			target = 10773BC4203E511400403304 /* swift-kata */;
			targetProxy = 10773BE5203E511500403304 /* PBXContainerItemProxy */;
		};
/* End PBXTargetDependency section */

/* Begin PBXVariantGroup section */
		10773BCC203E511400403304 /* Main.storyboard */ = {
			isa = PBXVariantGroup;
			children = (
				10773BCD203E511400403304 /* Base */,
			);
			name = Main.storyboard;
			sourceTree = "<group>";
		};
		10773BD1203E511400403304 /* LaunchScreen.storyboard */ = {
			isa = PBXVariantGroup;
			children = (
				10773BD2203E511400403304 /* Base */,
			);
			name = LaunchScreen.storyboard;
			sourceTree = "<group>";
		};
/* End PBXVariantGroup section */

/* Begin XCBuildConfiguration section */
		10773BEB203E511500403304 /* Debug */ = {
			isa = XCBuildConfiguration;
			buildSettings = {
				ALWAYS_SEARCH_USER_PATHS = NO;
				CLANG_ANALYZER_NONNULL = YES;
				CLANG_ANALYZER_NUMBER_OBJECT_CONVERSION = YES_AGGRESSIVE;
				CLANG_CXX_LANGUAGE_STANDARD = "gnu++14";
				CLANG_CXX_LIBRARY = "libc++";
				CLANG_ENABLE_MODULES = YES;
				CLANG_ENABLE_OBJC_ARC = YES;
				CLANG_WARN_BLOCK_CAPTURE_AUTORELEASING = YES;
				CLANG_WARN_BOOL_CONVERSION = YES;
				CLANG_WARN_COMMA = YES;
				CLANG_WARN_CONSTANT_CONVERSION = YES;
				CLANG_WARN_DIRECT_OBJC_ISA_USAGE = YES_ERROR;
				CLANG_WARN_DOCUMENTATION_COMMENTS = YES;
				CLANG_WARN_EMPTY_BODY = YES;
				CLANG_WARN_ENUM_CONVERSION = YES;
				CLANG_WARN_INFINITE_RECURSION = YES;
				CLANG_WARN_INT_CONVERSION = YES;
				CLANG_WARN_NON_LITERAL_NULL_CONVERSION = YES;
				CLANG_WARN_OBJC_LITERAL_CONVERSION = YES;
				CLANG_WARN_OBJC_ROOT_CLASS = YES_ERROR;
				CLANG_WARN_RANGE_LOOP_ANALYSIS = YES;
				CLANG_WARN_STRICT_PROTOTYPES = YES;
				CLANG_WARN_SUSPICIOUS_MOVE = YES;
				CLANG_WARN_UNGUARDED_AVAILABILITY = YES_AGGRESSIVE;
				CLANG_WARN_UNREACHABLE_CODE = YES;
				CLANG_WARN__DUPLICATE_METHOD_MATCH = YES;
				CODE_SIGN_IDENTITY = "iPhone Developer";
				COPY_PHASE_STRIP = NO;
				DEBUG_INFORMATION_FORMAT = dwarf;
				ENABLE_STRICT_OBJC_MSGSEND = YES;
				ENABLE_TESTABILITY = YES;
				GCC_C_LANGUAGE_STANDARD = gnu11;
				GCC_DYNAMIC_NO_PIC = NO;
				GCC_NO_COMMON_BLOCKS = YES;
				GCC_OPTIMIZATION_LEVEL = 0;
				GCC_PREPROCESSOR_DEFINITIONS = (
					"DEBUG=1",
					"$(inherited)",
				);
				GCC_WARN_64_TO_32_BIT_CONVERSION = YES;
				GCC_WARN_ABOUT_RETURN_TYPE = YES_ERROR;
				GCC_WARN_UNDECLARED_SELECTOR = YES;
				GCC_WARN_UNINITIALIZED_AUTOS = YES_AGGRESSIVE;
				GCC_WARN_UNUSED_FUNCTION = YES;
				GCC_WARN_UNUSED_VARIABLE = YES;
				IPHONEOS_DEPLOYMENT_TARGET = 11.2;
				MTL_ENABLE_DEBUG_INFO = YES;
				ONLY_ACTIVE_ARCH = YES;
				SDKROOT = iphoneos;
				SWIFT_ACTIVE_COMPILATION_CONDITIONS = DEBUG;
				SWIFT_OPTIMIZATION_LEVEL = "-Onone";
			};
			name = Debug;
		};
		10773BEC203E511500403304 /* Release */ = {
			isa = XCBuildConfiguration;
			buildSettings = {
				ALWAYS_SEARCH_USER_PATHS = NO;
				CLANG_ANALYZER_NONNULL = YES;
				CLANG_ANALYZER_NUMBER_OBJECT_CONVERSION = YES_AGGRESSIVE;
				CLANG_CXX_LANGUAGE_STANDARD = "gnu++14";
				CLANG_CXX_LIBRARY = "libc++";
				CLANG_ENABLE_MODULES = YES;
				CLANG_ENABLE_OBJC_ARC = YES;
				CLANG_WARN_BLOCK_CAPTURE_AUTORELEASING = YES;
				CLANG_WARN_BOOL_CONVERSION = YES;
				CLANG_WARN_COMMA = YES;
				CLANG_WARN_CONSTANT_CONVERSION = YES;
				CLANG_WARN_DIRECT_OBJC_ISA_USAGE = YES_ERROR;
				CLANG_WARN_DOCUMENTATION_COMMENTS = YES;
				CLANG_WARN_EMPTY_BODY = YES;
				CLANG_WARN_ENUM_CONVERSION = YES;
				CLANG_WARN_INFINITE_RECURSION = YES;
				CLANG_WARN_INT_CONVERSION = YES;
				CLANG_WARN_NON_LITERAL_NULL_CONVERSION = YES;
				CLANG_WARN_OBJC_LITERAL_CONVERSION = YES;
				CLANG_WARN_OBJC_ROOT_CLASS = YES_ERROR;
				CLANG_WARN_RANGE_LOOP_ANALYSIS = YES;
				CLANG_WARN_STRICT_PROTOTYPES = YES;
				CLANG_WARN_SUSPICIOUS_MOVE = YES;
				CLANG_WARN_UNGUARDED_AVAILABILITY = YES_AGGRESSIVE;
				CLANG_WARN_UNREACHABLE_CODE = YES;
				CLANG_WARN__DUPLICATE_METHOD_MATCH = YES;
				CODE_SIGN_IDENTITY = "iPhone Developer";
				COPY_PHASE_STRIP = NO;
				DEBUG_INFORMATION_FORMAT = "dwarf-with-dsym";
				ENABLE_NS_ASSERTIONS = NO;
				ENABLE_STRICT_OBJC_MSGSEND = YES;
				GCC_C_LANGUAGE_STANDARD = gnu11;
				GCC_NO_COMMON_BLOCKS = YES;
				GCC_WARN_64_TO_32_BIT_CONVERSION = YES;
				GCC_WARN_ABOUT_RETURN_TYPE = YES_ERROR;
				GCC_WARN_UNDECLARED_SELECTOR = YES;
				GCC_WARN_UNINITIALIZED_AUTOS = YES_AGGRESSIVE;
				GCC_WARN_UNUSED_FUNCTION = YES;
				GCC_WARN_UNUSED_VARIABLE = YES;
				IPHONEOS_DEPLOYMENT_TARGET = 11.2;
				MTL_ENABLE_DEBUG_INFO = NO;
				SDKROOT = iphoneos;
				SWIFT_OPTIMIZATION_LEVEL = "-Owholemodule";
				VALIDATE_PRODUCT = YES;
			};
			name = Release;
		};
		10773BEE203E511500403304 /* Debug */ = {
			isa = XCBuildConfiguration;
			baseConfigurationReference = 85C72B3A23D2AC7B3C5F2B00 /* Pods-swift-kata.debug.xcconfig */;
			buildSettings = {
				ASSETCATALOG_COMPILER_APPICON_NAME = AppIcon;
				CODE_SIGN_STYLE = Automatic;
				DEVELOPMENT_TEAM = N993RX34M3;
				INFOPLIST_FILE = "swift-kata/Info.plist";
				LD_RUNPATH_SEARCH_PATHS = "$(inherited) @executable_path/Frameworks";
				PRODUCT_BUNDLE_IDENTIFIER = "lovelejess.swift-kata";
				PRODUCT_NAME = "$(TARGET_NAME)";
				SWIFT_VERSION = 4.0;
				TARGETED_DEVICE_FAMILY = "1,2";
			};
			name = Debug;
		};
		10773BEF203E511500403304 /* Release */ = {
			isa = XCBuildConfiguration;
			baseConfigurationReference = FBE19E10DBF05856E303D62A /* Pods-swift-kata.release.xcconfig */;
			buildSettings = {
				ASSETCATALOG_COMPILER_APPICON_NAME = AppIcon;
				CODE_SIGN_STYLE = Automatic;
				DEVELOPMENT_TEAM = N993RX34M3;
				INFOPLIST_FILE = "swift-kata/Info.plist";
				LD_RUNPATH_SEARCH_PATHS = "$(inherited) @executable_path/Frameworks";
				PRODUCT_BUNDLE_IDENTIFIER = "lovelejess.swift-kata";
				PRODUCT_NAME = "$(TARGET_NAME)";
				SWIFT_VERSION = 4.0;
				TARGETED_DEVICE_FAMILY = "1,2";
			};
			name = Release;
		};
		10773BF1203E511500403304 /* Debug */ = {
			isa = XCBuildConfiguration;
			baseConfigurationReference = 0A0F80E16B25030C47C8FA09 /* Pods-swift-kataTests.debug.xcconfig */;
			buildSettings = {
				ALWAYS_EMBED_SWIFT_STANDARD_LIBRARIES = YES;
				BUNDLE_LOADER = "$(TEST_HOST)";
				CODE_SIGN_STYLE = Automatic;
				DEVELOPMENT_TEAM = N993RX34M3;
				INFOPLIST_FILE = "swift-kataTests/Info.plist";
				LD_RUNPATH_SEARCH_PATHS = "$(inherited) @executable_path/Frameworks @loader_path/Frameworks";
				PRODUCT_BUNDLE_IDENTIFIER = "lovelejess.swift-kataTests";
				PRODUCT_NAME = "$(TARGET_NAME)";
				SWIFT_VERSION = 4.0;
				TARGETED_DEVICE_FAMILY = "1,2";
				TEST_HOST = "$(BUILT_PRODUCTS_DIR)/swift-kata.app/swift-kata";
			};
			name = Debug;
		};
		10773BF2203E511500403304 /* Release */ = {
			isa = XCBuildConfiguration;
			baseConfigurationReference = 7560346CC20D44DB70C7299A /* Pods-swift-kataTests.release.xcconfig */;
			buildSettings = {
				ALWAYS_EMBED_SWIFT_STANDARD_LIBRARIES = YES;
				BUNDLE_LOADER = "$(TEST_HOST)";
				CODE_SIGN_STYLE = Automatic;
				DEVELOPMENT_TEAM = N993RX34M3;
				INFOPLIST_FILE = "swift-kataTests/Info.plist";
				LD_RUNPATH_SEARCH_PATHS = "$(inherited) @executable_path/Frameworks @loader_path/Frameworks";
				PRODUCT_BUNDLE_IDENTIFIER = "lovelejess.swift-kataTests";
				PRODUCT_NAME = "$(TARGET_NAME)";
				SWIFT_VERSION = 4.0;
				TARGETED_DEVICE_FAMILY = "1,2";
				TEST_HOST = "$(BUILT_PRODUCTS_DIR)/swift-kata.app/swift-kata";
			};
			name = Release;
		};
		10773BF4203E511500403304 /* Debug */ = {
			isa = XCBuildConfiguration;
			baseConfigurationReference = D74911B717EA00F877F5B276 /* Pods-swift-kataUITests.debug.xcconfig */;
			buildSettings = {
				ALWAYS_EMBED_SWIFT_STANDARD_LIBRARIES = YES;
				CODE_SIGN_STYLE = Automatic;
				DEVELOPMENT_TEAM = N993RX34M3;
				INFOPLIST_FILE = "swift-kataUITests/Info.plist";
				LD_RUNPATH_SEARCH_PATHS = "$(inherited) @executable_path/Frameworks @loader_path/Frameworks";
				PRODUCT_BUNDLE_IDENTIFIER = "lovelejess.swift-kataUITests";
				PRODUCT_NAME = "$(TARGET_NAME)";
				SWIFT_VERSION = 4.0;
				TARGETED_DEVICE_FAMILY = "1,2";
				TEST_TARGET_NAME = "swift-kata";
			};
			name = Debug;
		};
		10773BF5203E511500403304 /* Release */ = {
			isa = XCBuildConfiguration;
			baseConfigurationReference = 3ACEAF82EEBF3F26D99E1EF5 /* Pods-swift-kataUITests.release.xcconfig */;
			buildSettings = {
				ALWAYS_EMBED_SWIFT_STANDARD_LIBRARIES = YES;
				CODE_SIGN_STYLE = Automatic;
				DEVELOPMENT_TEAM = N993RX34M3;
				INFOPLIST_FILE = "swift-kataUITests/Info.plist";
				LD_RUNPATH_SEARCH_PATHS = "$(inherited) @executable_path/Frameworks @loader_path/Frameworks";
				PRODUCT_BUNDLE_IDENTIFIER = "lovelejess.swift-kataUITests";
				PRODUCT_NAME = "$(TARGET_NAME)";
				SWIFT_VERSION = 4.0;
				TARGETED_DEVICE_FAMILY = "1,2";
				TEST_TARGET_NAME = "swift-kata";
			};
			name = Release;
		};
/* End XCBuildConfiguration section */

/* Begin XCConfigurationList section */
		10773BC0203E511400403304 /* Build configuration list for PBXProject "swift-kata" */ = {
			isa = XCConfigurationList;
			buildConfigurations = (
				10773BEB203E511500403304 /* Debug */,
				10773BEC203E511500403304 /* Release */,
			);
			defaultConfigurationIsVisible = 0;
			defaultConfigurationName = Release;
		};
		10773BED203E511500403304 /* Build configuration list for PBXNativeTarget "swift-kata" */ = {
			isa = XCConfigurationList;
			buildConfigurations = (
				10773BEE203E511500403304 /* Debug */,
				10773BEF203E511500403304 /* Release */,
			);
			defaultConfigurationIsVisible = 0;
			defaultConfigurationName = Release;
		};
		10773BF0203E511500403304 /* Build configuration list for PBXNativeTarget "swift-kataTests" */ = {
			isa = XCConfigurationList;
			buildConfigurations = (
				10773BF1203E511500403304 /* Debug */,
				10773BF2203E511500403304 /* Release */,
			);
			defaultConfigurationIsVisible = 0;
			defaultConfigurationName = Release;
		};
		10773BF3203E511500403304 /* Build configuration list for PBXNativeTarget "swift-kataUITests" */ = {
			isa = XCConfigurationList;
			buildConfigurations = (
				10773BF4203E511500403304 /* Debug */,
				10773BF5203E511500403304 /* Release */,
			);
			defaultConfigurationIsVisible = 0;
			defaultConfigurationName = Release;
		};
/* End XCConfigurationList section */
	};
	rootObject = 10773BBD203E511400403304 /* Project object */;
}
